
Microsoft Visual Studio Solution File, Format Version 12.00
# Visual Studio Version 16
VisualStudioVersion = 16.0.29001.49
MinimumVisualStudioVersion = 10.0.40219.1
Project("{FAE04EC0-301F-11D3-BF4B-00C04F79EFBC}") = "Ordenamiento", "Ordenamiento\Ordenamiento.csproj", "{1C6E497A-77FD-40BB-A772-56D8F1BD384D}"
EndProject
Global
	GlobalSection(SolutionConfigurationPlatforms) = preSolution
		Debug|Any CPU = Debug|Any CPU
		Release|Any CPU = Release|Any CPU
	EndGlobalSection
	GlobalSection(ProjectConfigurationPlatforms) = postSolution
		{1C6E497A-77FD-40BB-A772-56D8F1BD384D}.Debug|Any CPU.ActiveCfg = Debug|Any CPU
		{1C6E497A-77FD-40BB-A772-56D8F1BD384D}.Debug|Any CPU.Build.0 = Debug|Any CPU
		{1C6E497A-77FD-40BB-A772-56D8F1BD384D}.Release|Any CPU.ActiveCfg = Release|Any CPU
		{1C6E497A-77FD-40BB-A772-56D8F1BD384D}.Release|Any CPU.Build.0 = Release|Any CPU
	EndGlobalSection
	GlobalSection(SolutionProperties) = preSolution
		HideSolutionNode = FALSE
	EndGlobalSection
	GlobalSection(ExtensibilityGlobals) = postSolution
		SolutionGuid = {76D197E7-0681-43F1-9425-E81B854B4215}
	EndGlobalSection
EndGlobal
